// !$*UTF8*$!
{
	archiveVersion = 1;
	classes = {
	};
	objectVersion = 46;
	objects = {

/* Begin PBXBuildFile section */
		B4949B711B04AA7500201F0E /* main.m in Sources */ = {isa = PBXBuildFile; fileRef = B4949B701B04AA7500201F0E /* main.m */; };
		B4949B741B04AA7500201F0E /* AppDelegate.m in Sources */ = {isa = PBXBuildFile; fileRef = B4949B731B04AA7500201F0E /* AppDelegate.m */; };
		B4949B7A1B04AA7500201F0E /* Main.storyboard in Resources */ = {isa = PBXBuildFile; fileRef = B4949B781B04AA7500201F0E /* Main.storyboard */; };
		B4949B7C1B04AA7500201F0E /* Images.xcassets in Resources */ = {isa = PBXBuildFile; fileRef = B4949B7B1B04AA7500201F0E /* Images.xcassets */; };
		B4949B7F1B04AA7500201F0E /* LaunchScreen.xib in Resources */ = {isa = PBXBuildFile; fileRef = B4949B7D1B04AA7500201F0E /* LaunchScreen.xib */; };
		B4949B8B1B04AA7500201F0E /* MilaStripeViewTests.m in Sources */ = {isa = PBXBuildFile; fileRef = B4949B8A1B04AA7500201F0E /* MilaStripeViewTests.m */; };
		B4949B961B04AA8900201F0E /* MilaMekoStripeViewController.m in Sources */ = {isa = PBXBuildFile; fileRef = B4949B951B04AA8900201F0E /* MilaMekoStripeViewController.m */; };
		B4949B9B1B04ABE800201F0E /* MilaMekoStripeViewContentController.m in Sources */ = {isa = PBXBuildFile; fileRef = B4949B9A1B04ABE800201F0E /* MilaMekoStripeViewContentController.m */; };
		B4949B9C1B04ABE800201F0E /* MilaMekoStripeViewContentController.m in Sources */ = {isa = PBXBuildFile; fileRef = B4949B9A1B04ABE800201F0E /* MilaMekoStripeViewContentController.m */; };
		B4949B9F1B04B5E800201F0E /* UIImage+imageColor.m in Sources */ = {isa = PBXBuildFile; fileRef = B4949B9E1B04B5E800201F0E /* UIImage+imageColor.m */; };
		B4949BA01B04B5E800201F0E /* UIImage+imageColor.m in Sources */ = {isa = PBXBuildFile; fileRef = B4949B9E1B04B5E800201F0E /* UIImage+imageColor.m */; };
/* End PBXBuildFile section */

/* Begin PBXContainerItemProxy section */
		B4949B851B04AA7500201F0E /* PBXContainerItemProxy */ = {
			isa = PBXContainerItemProxy;
			containerPortal = B4949B631B04AA7500201F0E /* Project object */;
			proxyType = 1;
			remoteGlobalIDString = B4949B6A1B04AA7500201F0E;
			remoteInfo = MilaStripeView;
		};
/* End PBXContainerItemProxy section */

/* Begin PBXFileReference section */
		B4949B6B1B04AA7500201F0E /* MilaStripeView.app */ = {isa = PBXFileReference; explicitFileType = wrapper.application; includeInIndex = 0; path = MilaStripeView.app; sourceTree = BUILT_PRODUCTS_DIR; };
		B4949B6F1B04AA7500201F0E /* Info.plist */ = {isa = PBXFileReference; lastKnownFileType = text.plist.xml; path = Info.plist; sourceTree = "<group>"; };
		B4949B701B04AA7500201F0E /* main.m */ = {isa = PBXFileReference; lastKnownFileType = sourcecode.c.objc; path = main.m; sourceTree = "<group>"; };
		B4949B721B04AA7500201F0E /* AppDelegate.h */ = {isa = PBXFileReference; lastKnownFileType = sourcecode.c.h; path = AppDelegate.h; sourceTree = "<group>"; };
		B4949B731B04AA7500201F0E /* AppDelegate.m */ = {isa = PBXFileReference; lastKnownFileType = sourcecode.c.objc; path = AppDelegate.m; sourceTree = "<group>"; };
		B4949B791B04AA7500201F0E /* Base */ = {isa = PBXFileReference; lastKnownFileType = file.storyboard; name = Base; path = Base.lproj/Main.storyboard; sourceTree = "<group>"; };
		B4949B7B1B04AA7500201F0E /* Images.xcassets */ = {isa = PBXFileReference; lastKnownFileType = folder.assetcatalog; path = Images.xcassets; sourceTree = "<group>"; };
		B4949B7E1B04AA7500201F0E /* Base */ = {isa = PBXFileReference; lastKnownFileType = file.xib; name = Base; path = Base.lproj/LaunchScreen.xib; sourceTree = "<group>"; };
		B4949B841B04AA7500201F0E /* MilaStripeViewTests.xctest */ = {isa = PBXFileReference; explicitFileType = wrapper.cfbundle; includeInIndex = 0; path = MilaStripeViewTests.xctest; sourceTree = BUILT_PRODUCTS_DIR; };
		B4949B891B04AA7500201F0E /* Info.plist */ = {isa = PBXFileReference; lastKnownFileType = text.plist.xml; path = Info.plist; sourceTree = "<group>"; };
		B4949B8A1B04AA7500201F0E /* MilaStripeViewTests.m */ = {isa = PBXFileReference; lastKnownFileType = sourcecode.c.objc; path = MilaStripeViewTests.m; sourceTree = "<group>"; };
		B4949B941B04AA8900201F0E /* MilaMekoStripeViewController.h */ = {isa = PBXFileReference; fileEncoding = 4; lastKnownFileType = sourcecode.c.h; path = MilaMekoStripeViewController.h; sourceTree = "<group>"; };
		B4949B951B04AA8900201F0E /* MilaMekoStripeViewController.m */ = {isa = PBXFileReference; fileEncoding = 4; lastKnownFileType = sourcecode.c.objc; path = MilaMekoStripeViewController.m; sourceTree = "<group>"; };
		B4949B991B04ABE800201F0E /* MilaMekoStripeViewContentController.h */ = {isa = PBXFileReference; fileEncoding = 4; lastKnownFileType = sourcecode.c.h; path = MilaMekoStripeViewContentController.h; sourceTree = "<group>"; };
		B4949B9A1B04ABE800201F0E /* MilaMekoStripeViewContentController.m */ = {isa = PBXFileReference; fileEncoding = 4; lastKnownFileType = sourcecode.c.objc; path = MilaMekoStripeViewContentController.m; sourceTree = "<group>"; };
		B4949B9D1B04B5E800201F0E /* UIImage+imageColor.h */ = {isa = PBXFileReference; fileEncoding = 4; lastKnownFileType = sourcecode.c.h; path = "UIImage+imageColor.h"; sourceTree = "<group>"; };
		B4949B9E1B04B5E800201F0E /* UIImage+imageColor.m */ = {isa = PBXFileReference; fileEncoding = 4; lastKnownFileType = sourcecode.c.objc; path = "UIImage+imageColor.m"; sourceTree = "<group>"; };
/* End PBXFileReference section */

/* Begin PBXFrameworksBuildPhase section */
		B4949B681B04AA7500201F0E /* Frameworks */ = {
			isa = PBXFrameworksBuildPhase;
			buildActionMask = 2147483647;
			files = (
			);
			runOnlyForDeploymentPostprocessing = 0;
		};
		B4949B811B04AA7500201F0E /* Frameworks */ = {
			isa = PBXFrameworksBuildPhase;
			buildActionMask = 2147483647;
			files = (
			);
			runOnlyForDeploymentPostprocessing = 0;
		};
/* End PBXFrameworksBuildPhase section */

/* Begin PBXGroup section */
		B4949B621B04AA7500201F0E = {
			isa = PBXGroup;
			children = (
				B4949B6D1B04AA7500201F0E /* MilaStripeView */,
				B4949B871B04AA7500201F0E /* MilaStripeViewTests */,
				B4949B6C1B04AA7500201F0E /* Products */,
			);
			sourceTree = "<group>";
		};
		B4949B6C1B04AA7500201F0E /* Products */ = {
			isa = PBXGroup;
			children = (
				B4949B6B1B04AA7500201F0E /* MilaStripeView.app */,
				B4949B841B04AA7500201F0E /* MilaStripeViewTests.xctest */,
			);
			name = Products;
			sourceTree = "<group>";
		};
		B4949B6D1B04AA7500201F0E /* MilaStripeView */ = {
			isa = PBXGroup;
			children = (
				B4949BA21B04BB2000201F0E /* Circle */,
				B4949BA11B04BB0400201F0E /* 3D */,
				B4949B981B04ABBA00201F0E /* 2D */,
				B4949B721B04AA7500201F0E /* AppDelegate.h */,
				B4949B731B04AA7500201F0E /* AppDelegate.m */,
				B4949B781B04AA7500201F0E /* Main.storyboard */,
				B4949B7B1B04AA7500201F0E /* Images.xcassets */,
				B4949B7D1B04AA7500201F0E /* LaunchScreen.xib */,
				B4949B6E1B04AA7500201F0E /* Supporting Files */,
			);
			path = MilaStripeView;
			sourceTree = "<group>";
		};
		B4949B6E1B04AA7500201F0E /* Supporting Files */ = {
			isa = PBXGroup;
			children = (
				B4949B9D1B04B5E800201F0E /* UIImage+imageColor.h */,
				B4949B9E1B04B5E800201F0E /* UIImage+imageColor.m */,
				B4949B6F1B04AA7500201F0E /* Info.plist */,
				B4949B701B04AA7500201F0E /* main.m */,
			);
			name = "Supporting Files";
			sourceTree = "<group>";
		};
		B4949B871B04AA7500201F0E /* MilaStripeViewTests */ = {
			isa = PBXGroup;
			children = (
				B4949B8A1B04AA7500201F0E /* MilaStripeViewTests.m */,
				B4949B881B04AA7500201F0E /* Supporting Files */,
			);
			path = MilaStripeViewTests;
			sourceTree = "<group>";
		};
		B4949B881B04AA7500201F0E /* Supporting Files */ = {
			isa = PBXGroup;
			children = (
				B4949B891B04AA7500201F0E /* Info.plist */,
			);
			name = "Supporting Files";
			sourceTree = "<group>";
		};
		B4949B971B04ABAE00201F0E /* Parent */ = {
			isa = PBXGroup;
			children = (
				B4949B941B04AA8900201F0E /* MilaMekoStripeViewController.h */,
				B4949B951B04AA8900201F0E /* MilaMekoStripeViewController.m */,
			);
			name = Parent;
			sourceTree = "<group>";
		};
		B4949B981B04ABBA00201F0E /* 2D */ = {
			isa = PBXGroup;
			children = (
				B4949B971B04ABAE00201F0E /* Parent */,
				B4949B991B04ABE800201F0E /* MilaMekoStripeViewContentController.h */,
				B4949B9A1B04ABE800201F0E /* MilaMekoStripeViewContentController.m */,
			);
			name = 2D;
			sourceTree = "<group>";
		};
		B4949BA11B04BB0400201F0E /* 3D */ = {
			isa = PBXGroup;
			children = (
			);
			name = 3D;
			sourceTree = "<group>";
		};
		B4949BA21B04BB2000201F0E /* Circle */ = {
			isa = PBXGroup;
			children = (
			);
			name = Circle;
			sourceTree = "<group>";
		};
/* End PBXGroup section */

/* Begin PBXNativeTarget section */
		B4949B6A1B04AA7500201F0E /* MilaStripeView */ = {
			isa = PBXNativeTarget;
			buildConfigurationList = B4949B8E1B04AA7500201F0E /* Build configuration list for PBXNativeTarget "MilaStripeView" */;
			buildPhases = (
				B4949B671B04AA7500201F0E /* Sources */,
				B4949B681B04AA7500201F0E /* Frameworks */,
				B4949B691B04AA7500201F0E /* Resources */,
			);
			buildRules = (
			);
			dependencies = (
			);
			name = MilaStripeView;
			productName = MilaStripeView;
			productReference = B4949B6B1B04AA7500201F0E /* MilaStripeView.app */;
			productType = "com.apple.product-type.application";
		};
		B4949B831B04AA7500201F0E /* MilaStripeViewTests */ = {
			isa = PBXNativeTarget;
			buildConfigurationList = B4949B911B04AA7500201F0E /* Build configuration list for PBXNativeTarget "MilaStripeViewTests" */;
			buildPhases = (
				B4949B801B04AA7500201F0E /* Sources */,
				B4949B811B04AA7500201F0E /* Frameworks */,
				B4949B821B04AA7500201F0E /* Resources */,
			);
			buildRules = (
			);
			dependencies = (
				B4949B861B04AA7500201F0E /* PBXTargetDependency */,
			);
			name = MilaStripeViewTests;
			productName = MilaStripeViewTests;
			productReference = B4949B841B04AA7500201F0E /* MilaStripeViewTests.xctest */;
			productType = "com.apple.product-type.bundle.unit-test";
		};
/* End PBXNativeTarget section */

/* Begin PBXProject section */
		B4949B631B04AA7500201F0E /* Project object */ = {
			isa = PBXProject;
			attributes = {
				LastUpgradeCheck = 0630;
				ORGANIZATIONNAME = MilaMeko;
				TargetAttributes = {
					B4949B6A1B04AA7500201F0E = {
						CreatedOnToolsVersion = 6.3.1;
					};
					B4949B831B04AA7500201F0E = {
						CreatedOnToolsVersion = 6.3.1;
						TestTargetID = B4949B6A1B04AA7500201F0E;
					};
				};
			};
			buildConfigurationList = B4949B661B04AA7500201F0E /* Build configuration list for PBXProject "MilaStripeView" */;
			compatibilityVersion = "Xcode 3.2";
			developmentRegion = English;
			hasScannedForEncodings = 0;
			knownRegions = (
				en,
				Base,
			);
			mainGroup = B4949B621B04AA7500201F0E;
			productRefGroup = B4949B6C1B04AA7500201F0E /* Products */;
			projectDirPath = "";
			projectRoot = "";
			targets = (
				B4949B6A1B04AA7500201F0E /* MilaStripeView */,
				B4949B831B04AA7500201F0E /* MilaStripeViewTests */,
			);
		};
/* End PBXProject section */

/* Begin PBXResourcesBuildPhase section */
		B4949B691B04AA7500201F0E /* Resources */ = {
			isa = PBXResourcesBuildPhase;
			buildActionMask = 2147483647;
			files = (
				B4949B7A1B04AA7500201F0E /* Main.storyboard in Resources */,
				B4949B7F1B04AA7500201F0E /* LaunchScreen.xib in Resources */,
				B4949B7C1B04AA7500201F0E /* Images.xcassets in Resources */,
			);
			runOnlyForDeploymentPostprocessing = 0;
		};
		B4949B821B04AA7500201F0E /* Resources */ = {
			isa = PBXResourcesBuildPhase;
			buildActionMask = 2147483647;
			files = (
			);
			runOnlyForDeploymentPostprocessing = 0;
		};
/* End PBXResourcesBuildPhase section */

/* Begin PBXSourcesBuildPhase section */
		B4949B671B04AA7500201F0E /* Sources */ = {
			isa = PBXSourcesBuildPhase;
			buildActionMask = 2147483647;
			files = (
				B4949B9F1B04B5E800201F0E /* UIImage+imageColor.m in Sources */,
				B4949B961B04AA8900201F0E /* MilaMekoStripeViewController.m in Sources */,
				B4949B741B04AA7500201F0E /* AppDelegate.m in Sources */,
				B4949B9B1B04ABE800201F0E /* MilaMekoStripeViewContentController.m in Sources */,
				B4949B711B04AA7500201F0E /* main.m in Sources */,
			);
			runOnlyForDeploymentPostprocessing = 0;
		};
		B4949B801B04AA7500201F0E /* Sources */ = {
			isa = PBXSourcesBuildPhase;
			buildActionMask = 2147483647;
			files = (
				B4949B9C1B04ABE800201F0E /* MilaMekoStripeViewContentController.m in Sources */,
				B4949B8B1B04AA7500201F0E /* MilaStripeViewTests.m in Sources */,
				B4949BA01B04B5E800201F0E /* UIImage+imageColor.m in Sources */,
			);
			runOnlyForDeploymentPostprocessing = 0;
		};
/* End PBXSourcesBuildPhase section */

/* Begin PBXTargetDependency section */
		B4949B861B04AA7500201F0E /* PBXTargetDependency */ = {
			isa = PBXTargetDependency;
			target = B4949B6A1B04AA7500201F0E /* MilaStripeView */;
			targetProxy = B4949B851B04AA7500201F0E /* PBXContainerItemProxy */;
		};
/* End PBXTargetDependency section */

/* Begin PBXVariantGroup section */
		B4949B781B04AA7500201F0E /* Main.storyboard */ = {
			isa = PBXVariantGroup;
			children = (
				B4949B791B04AA7500201F0E /* Base */,
			);
			name = Main.storyboard;
			sourceTree = "<group>";
		};
		B4949B7D1B04AA7500201F0E /* LaunchScreen.xib */ = {
			isa = PBXVariantGroup;
			children = (
				B4949B7E1B04AA7500201F0E /* Base */,
			);
			name = LaunchScreen.xib;
			sourceTree = "<group>";
		};
/* End PBXVariantGroup section */

/* Begin XCBuildConfiguration section */
		B4949B8C1B04AA7500201F0E /* Debug */ = {
			isa = XCBuildConfiguration;
			buildSettings = {
				ALWAYS_SEARCH_USER_PATHS = NO;
				CLANG_CXX_LANGUAGE_STANDARD = "gnu++0x";
				CLANG_CXX_LIBRARY = "libc++";
				CLANG_ENABLE_MODULES = YES;
				CLANG_ENABLE_OBJC_ARC = YES;
				CLANG_WARN_BOOL_CONVERSION = YES;
				CLANG_WARN_CONSTANT_CONVERSION = YES;
				CLANG_WARN_DIRECT_OBJC_ISA_USAGE = YES_ERROR;
				CLANG_WARN_EMPTY_BODY = YES;
				CLANG_WARN_ENUM_CONVERSION = YES;
				CLANG_WARN_INT_CONVERSION = YES;
				CLANG_WARN_OBJC_ROOT_CLASS = YES_ERROR;
				CLANG_WARN_UNREACHABLE_CODE = YES;
				CLANG_WARN__DUPLICATE_METHOD_MATCH = YES;
				"CODE_SIGN_IDENTITY[sdk=iphoneos*]" = "iPhone Developer";
				COPY_PHASE_STRIP = NO;
				DEBUG_INFORMATION_FORMAT = "dwarf-with-dsym";
				ENABLE_STRICT_OBJC_MSGSEND = YES;
				GCC_C_LANGUAGE_STANDARD = gnu99;
				GCC_DYNAMIC_NO_PIC = NO;
				GCC_NO_COMMON_BLOCKS = YES;
				GCC_OPTIMIZATION_LEVEL = 0;
				GCC_PREPROCESSOR_DEFINITIONS = (
					"DEBUG=1",
					"$(inherited)",
				);
				GCC_SYMBOLS_PRIVATE_EXTERN = NO;
				GCC_WARN_64_TO_32_BIT_CONVERSION = YES;
				GCC_WARN_ABOUT_RETURN_TYPE = YES_ERROR;
				GCC_WARN_UNDECLARED_SELECTOR = YES;
				GCC_WARN_UNINITIALIZED_AUTOS = YES_AGGRESSIVE;
				GCC_WARN_UNUSED_FUNCTION = YES;
				GCC_WARN_UNUSED_VARIABLE = YES;
				IPHONEOS_DEPLOYMENT_TARGET = 8.3;
				MTL_ENABLE_DEBUG_INFO = YES;
				ONLY_ACTIVE_ARCH = YES;
				SDKROOT = iphoneos;
				TARGETED_DEVICE_FAMILY = "1,2";
			};
			name = Debug;
		};
		B4949B8D1B04AA7500201F0E /* Release */ = {
			isa = XCBuildConfiguration;
			buildSettings = {
				ALWAYS_SEARCH_USER_PATHS = NO;
				CLANG_CXX_LANGUAGE_STANDARD = "gnu++0x";
				CLANG_CXX_LIBRARY = "libc++";
				CLANG_ENABLE_MODULES = YES;
				CLANG_ENABLE_OBJC_ARC = YES;
				CLANG_WARN_BOOL_CONVERSION = YES;
				CLANG_WARN_CONSTANT_CONVERSION = YES;
				CLANG_WARN_DIRECT_OBJC_ISA_USAGE = YES_ERROR;
				CLANG_WARN_EMPTY_BODY = YES;
				CLANG_WARN_ENUM_CONVERSION = YES;
				CLANG_WARN_INT_CONVERSION = YES;
				CLANG_WARN_OBJC_ROOT_CLASS = YES_ERROR;
				CLANG_WARN_UNREACHABLE_CODE = YES;
				CLANG_WARN__DUPLICATE_METHOD_MATCH = YES;
				"CODE_SIGN_IDENTITY[sdk=iphoneos*]" = "iPhone Developer";
				COPY_PHASE_STRIP = NO;
				DEBUG_INFORMATION_FORMAT = "dwarf-with-dsym";
				ENABLE_NS_ASSERTIONS = NO;
				ENABLE_STRICT_OBJC_MSGSEND = YES;
				GCC_C_LANGUAGE_STANDARD = gnu99;
				GCC_NO_COMMON_BLOCKS = YES;
				GCC_WARN_64_TO_32_BIT_CONVERSION = YES;
				GCC_WARN_ABOUT_RETURN_TYPE = YES_ERROR;
				GCC_WARN_UNDECLARED_SELECTOR = YES;
				GCC_WARN_UNINITIALIZED_AUTOS = YES_AGGRESSIVE;
				GCC_WARN_UNUSED_FUNCTION = YES;
				GCC_WARN_UNUSED_VARIABLE = YES;
				IPHONEOS_DEPLOYMENT_TARGET = 8.3;
				MTL_ENABLE_DEBUG_INFO = NO;
				SDKROOT = iphoneos;
				TARGETED_DEVICE_FAMILY = "1,2";
				VALIDATE_PRODUCT = YES;
			};
			name = Release;
		};
		B4949B8F1B04AA7500201F0E /* Debug */ = {
			isa = XCBuildConfiguration;
			buildSettings = {
				ASSETCATALOG_COMPILER_APPICON_NAME = AppIcon;
				INFOPLIST_FILE = MilaStripeView/Info.plist;
				LD_RUNPATH_SEARCH_PATHS = "$(inherited) @executable_path/Frameworks";
				PRODUCT_NAME = "$(TARGET_NAME)";
			};
			name = Debug;
		};
		B4949B901B04AA7500201F0E /* Release */ = {
			isa = XCBuildConfiguration;
			buildSettings = {
				ASSETCATALOG_COMPILER_APPICON_NAME = AppIcon;
				INFOPLIST_FILE = MilaStripeView/Info.plist;
				LD_RUNPATH_SEARCH_PATHS = "$(inherited) @executable_path/Frameworks";
				PRODUCT_NAME = "$(TARGET_NAME)";
			};
			name = Release;
		};
		B4949B921B04AA7500201F0E /* Debug */ = {
			isa = XCBuildConfiguration;
			buildSettings = {
				BUNDLE_LOADER = "$(TEST_HOST)";
				FRAMEWORK_SEARCH_PATHS = (
					"$(SDKROOT)/Developer/Library/Frameworks",
					"$(inherited)",
				);
				GCC_PREPROCESSOR_DEFINITIONS = (
					"DEBUG=1",
					"$(inherited)",
				);
				INFOPLIST_FILE = MilaStripeViewTests/Info.plist;
				LD_RUNPATH_SEARCH_PATHS = "$(inherited) @executable_path/Frameworks @loader_path/Frameworks";
				PRODUCT_NAME = "$(TARGET_NAME)";
				TEST_HOST = "$(BUILT_PRODUCTS_DIR)/MilaStripeView.app/MilaStripeView";
			};
			name = Debug;
		};
		B4949B931B04AA7500201F0E /* Release */ = {
			isa = XCBuildConfiguration;
			buildSettings = {
				BUNDLE_LOADER = "$(TEST_HOST)";
				FRAMEWORK_SEARCH_PATHS = (
					"$(SDKROOT)/Developer/Library/Frameworks",
					"$(inherited)",
				);
				INFOPLIST_FILE = MilaStripeViewTests/Info.plist;
				LD_RUNPATH_SEARCH_PATHS = "$(inherited) @executable_path/Frameworks @loader_path/Frameworks";
				PRODUCT_NAME = "$(TARGET_NAME)";
				TEST_HOST = "$(BUILT_PRODUCTS_DIR)/MilaStripeView.app/MilaStripeView";
			};
			name = Release;
		};
/* End XCBuildConfiguration section */

/* Begin XCConfigurationList section */
		B4949B661B04AA7500201F0E /* Build configuration list for PBXProject "MilaStripeView" */ = {
			isa = XCConfigurationList;
			buildConfigurations = (
				B4949B8C1B04AA7500201F0E /* Debug */,
				B4949B8D1B04AA7500201F0E /* Release */,
			);
			defaultConfigurationIsVisible = 0;
			defaultConfigurationName = Release;
		};
		B4949B8E1B04AA7500201F0E /* Build configuration list for PBXNativeTarget "MilaStripeView" */ = {
			isa = XCConfigurationList;
			buildConfigurations = (
				B4949B8F1B04AA7500201F0E /* Debug */,
				B4949B901B04AA7500201F0E /* Release */,
			);
			defaultConfigurationIsVisible = 0;
		};
		B4949B911B04AA7500201F0E /* Build configuration list for PBXNativeTarget "MilaStripeViewTests" */ = {
			isa = XCConfigurationList;
			buildConfigurations = (
				B4949B921B04AA7500201F0E /* Debug */,
				B4949B931B04AA7500201F0E /* Release */,
			);
			defaultConfigurationIsVisible = 0;
		};
/* End XCConfigurationList section */
	};
	rootObject = B4949B631B04AA7500201F0E /* Project object */;
}
